
Microsoft Visual Studio Solution File, Format Version 12.00
# Visual Studio Version 17
VisualStudioVersion = 17.8.34525.116
MinimumVisualStudioVersion = 10.0.40219.1
Project("{9A19103F-16F7-4668-BE54-9A1E7A4F7556}") = "Workaround", "Workaround\Workaround.csproj", "{45F663D8-1B24-4207-BF83-251F905AC4EF}"
EndProject
Project("{FAE04EC0-301F-11D3-BF4B-00C04F79EFBC}") = "Entities", "Entities\Entities.csproj", "{9C733814-48C3-4DBE-A201-51D50DA7DE38}"
EndProject
Project("{FAE04EC0-301F-11D3-BF4B-00C04F79EFBC}") = "Business", "Business\Business.csproj", "{B0096F78-C095-44EB-92ED-F7D3C7157EB7}"
EndProject
Global
	GlobalSection(SolutionConfigurationPlatforms) = preSolution
		Debug|Any CPU = Debug|Any CPU
		Release|Any CPU = Release|Any CPU
	EndGlobalSection
	GlobalSection(ProjectConfigurationPlatforms) = postSolution
		{45F663D8-1B24-4207-BF83-251F905AC4EF}.Debug|Any CPU.ActiveCfg = Debug|Any CPU
		{45F663D8-1B24-4207-BF83-251F905AC4EF}.Debug|Any CPU.Build.0 = Debug|Any CPU
		{45F663D8-1B24-4207-BF83-251F905AC4EF}.Release|Any CPU.ActiveCfg = Release|Any CPU
		{45F663D8-1B24-4207-BF83-251F905AC4EF}.Release|Any CPU.Build.0 = Release|Any CPU
		{9C733814-48C3-4DBE-A201-51D50DA7DE38}.Debug|Any CPU.ActiveCfg = Debug|Any CPU
		{9C733814-48C3-4DBE-A201-51D50DA7DE38}.Debug|Any CPU.Build.0 = Debug|Any CPU
		{9C733814-48C3-4DBE-A201-51D50DA7DE38}.Release|Any CPU.ActiveCfg = Release|Any CPU
		{9C733814-48C3-4DBE-A201-51D50DA7DE38}.Release|Any CPU.Build.0 = Release|Any CPU
		{B0096F78-C095-44EB-92ED-F7D3C7157EB7}.Debug|Any CPU.ActiveCfg = Debug|Any CPU
		{B0096F78-C095-44EB-92ED-F7D3C7157EB7}.Debug|Any CPU.Build.0 = Debug|Any CPU
		{B0096F78-C095-44EB-92ED-F7D3C7157EB7}.Release|Any CPU.ActiveCfg = Release|Any CPU
		{B0096F78-C095-44EB-92ED-F7D3C7157EB7}.Release|Any CPU.Build.0 = Release|Any CPU
	EndGlobalSection
	GlobalSection(SolutionProperties) = preSolution
		HideSolutionNode = FALSE
	EndGlobalSection
	GlobalSection(ExtensibilityGlobals) = postSolution
		SolutionGuid = {C501457E-7D32-4555-89F6-0291E412CA84}
	EndGlobalSection
EndGlobal
